
Microsoft Visual Studio Solution File, Format Version 12.00
# Visual Studio 15
Project("{FAE04EC0-301F-11D3-BF4B-00C04F79EFBC}") = "Assembly-CSharp", "Assembly-CSharp.csproj", "{F582F136-B1B1-DBF0-0B06-C87B9B60EE21}"
EndProject
Global
	GlobalSection(SolutionConfigurationPlatforms) = preSolution
		Debug|Any CPU = Debug|Any CPU
		Release|Any CPU = Release|Any CPU
	EndGlobalSection
	GlobalSection(ProjectConfigurationPlatforms) = postSolution
		{F582F136-B1B1-DBF0-0B06-C87B9B60EE21}.Debug|Any CPU.ActiveCfg = Debug|Any CPU
		{F582F136-B1B1-DBF0-0B06-C87B9B60EE21}.Debug|Any CPU.Build.0 = Debug|Any CPU
		{F582F136-B1B1-DBF0-0B06-C87B9B60EE21}.Release|Any CPU.ActiveCfg = Release|Any CPU
		{F582F136-B1B1-DBF0-0B06-C87B9B60EE21}.Release|Any CPU.Build.0 = Release|Any CPU
	EndGlobalSection
	GlobalSection(SolutionProperties) = preSolution
		HideSolutionNode = FALSE
	EndGlobalSection
EndGlobal
